
Microsoft Visual Studio Solution File, Format Version 12.00
Project("{FAE04EC0-301F-11D3-BF4B-00C04F79EFBC}") = "BidCardCoin", "BidCardCoin.csproj", "{8CDDD93B-DB7F-4914-A102-BA91BC0DDB40}"
EndProject
Global
	GlobalSection(SolutionConfigurationPlatforms) = preSolution
		Debug|Any CPU = Debug|Any CPU
		Release|Any CPU = Release|Any CPU
	EndGlobalSection
	GlobalSection(ProjectConfigurationPlatforms) = postSolution
		{8CDDD93B-DB7F-4914-A102-BA91BC0DDB40}.Debug|Any CPU.ActiveCfg = Debug|Any CPU
		{8CDDD93B-DB7F-4914-A102-BA91BC0DDB40}.Debug|Any CPU.Build.0 = Debug|Any CPU
		{8CDDD93B-DB7F-4914-A102-BA91BC0DDB40}.Release|Any CPU.ActiveCfg = Release|Any CPU
		{8CDDD93B-DB7F-4914-A102-BA91BC0DDB40}.Release|Any CPU.Build.0 = Release|Any CPU
	EndGlobalSection
EndGlobal
